
Microsoft Visual Studio Solution File, Format Version 12.00
# Visual Studio 15
VisualStudioVersion = 15.0.27130.2036
MinimumVisualStudioVersion = 10.0.40219.1
Project("{888888A0-9F3D-457C-B088-3A5042F75D52}") = "SeleniumTest", "SeleniumTest\SeleniumTest.pyproj", "{6FDC7979-FDEA-447A-853E-93AC27B1877A}"
EndProject
Global
	GlobalSection(SolutionConfigurationPlatforms) = preSolution
		Debug|Any CPU = Debug|Any CPU
		Release|Any CPU = Release|Any CPU
	EndGlobalSection
	GlobalSection(ProjectConfigurationPlatforms) = postSolution
		{6FDC7979-FDEA-447A-853E-93AC27B1877A}.Debug|Any CPU.ActiveCfg = Debug|Any CPU
		{6FDC7979-FDEA-447A-853E-93AC27B1877A}.Release|Any CPU.ActiveCfg = Release|Any CPU
	EndGlobalSection
	GlobalSection(SolutionProperties) = preSolution
		HideSolutionNode = FALSE
	EndGlobalSection
	GlobalSection(ExtensibilityGlobals) = postSolution
		SolutionGuid = {0E3F28AB-D6AF-4607-A319-9F765088F6CD}
	EndGlobalSection
EndGlobal
